
Microsoft Visual Studio Solution File, Format Version 12.00
# Visual Studio 15
VisualStudioVersion = 15.0.26403.7
MinimumVisualStudioVersion = 10.0.40219.1
Project("{FAE04EC0-301F-11D3-BF4B-00C04F79EFBC}") = "Aplicacao.Android", "Aplicacao\Aplicacao.Android\Aplicacao.Android.csproj", "{93637E2A-AAD3-421E-B927-C7E2F70A43F2}"
EndProject
Project("{FAE04EC0-301F-11D3-BF4B-00C04F79EFBC}") = "Aplicacao", "Aplicacao\Aplicacao\Aplicacao.csproj", "{72F9876D-5D27-4F7E-BA47-B6BF6445AA16}"
EndProject
Project("{FAE04EC0-301F-11D3-BF4B-00C04F79EFBC}") = "Aplicacao.iOS", "Aplicacao\Aplicacao.iOS\Aplicacao.iOS.csproj", "{E7DBE4B0-4A08-4BD9-BB25-3CA27BB4367B}"
EndProject
Global
	GlobalSection(SolutionConfigurationPlatforms) = preSolution
		Ad-Hoc|Any CPU = Ad-Hoc|Any CPU
		Ad-Hoc|iPhone = Ad-Hoc|iPhone
		Ad-Hoc|iPhoneSimulator = Ad-Hoc|iPhoneSimulator
		AppStore|Any CPU = AppStore|Any CPU
		AppStore|iPhone = AppStore|iPhone
		AppStore|iPhoneSimulator = AppStore|iPhoneSimulator
		Debug|Any CPU = Debug|Any CPU
		Debug|iPhone = Debug|iPhone
		Debug|iPhoneSimulator = Debug|iPhoneSimulator
		Release|Any CPU = Release|Any CPU
		Release|iPhone = Release|iPhone
		Release|iPhoneSimulator = Release|iPhoneSimulator
	EndGlobalSection
	GlobalSection(ProjectConfigurationPlatforms) = postSolution
		{93637E2A-AAD3-421E-B927-C7E2F70A43F2}.Ad-Hoc|Any CPU.ActiveCfg = Release|Any CPU
		{93637E2A-AAD3-421E-B927-C7E2F70A43F2}.Ad-Hoc|Any CPU.Build.0 = Release|Any CPU
		{93637E2A-AAD3-421E-B927-C7E2F70A43F2}.Ad-Hoc|Any CPU.Deploy.0 = Release|Any CPU
		{93637E2A-AAD3-421E-B927-C7E2F70A43F2}.Ad-Hoc|iPhone.ActiveCfg = Release|Any CPU
		{93637E2A-AAD3-421E-B927-C7E2F70A43F2}.Ad-Hoc|iPhone.Build.0 = Release|Any CPU
		{93637E2A-AAD3-421E-B927-C7E2F70A43F2}.Ad-Hoc|iPhone.Deploy.0 = Release|Any CPU
		{93637E2A-AAD3-421E-B927-C7E2F70A43F2}.Ad-Hoc|iPhoneSimulator.ActiveCfg = Release|Any CPU
		{93637E2A-AAD3-421E-B927-C7E2F70A43F2}.Ad-Hoc|iPhoneSimulator.Build.0 = Release|Any CPU
		{93637E2A-AAD3-421E-B927-C7E2F70A43F2}.Ad-Hoc|iPhoneSimulator.Deploy.0 = Release|Any CPU
		{93637E2A-AAD3-421E-B927-C7E2F70A43F2}.AppStore|Any CPU.ActiveCfg = Release|Any CPU
		{93637E2A-AAD3-421E-B927-C7E2F70A43F2}.AppStore|Any CPU.Build.0 = Release|Any CPU
		{93637E2A-AAD3-421E-B927-C7E2F70A43F2}.AppStore|Any CPU.Deploy.0 = Release|Any CPU
		{93637E2A-AAD3-421E-B927-C7E2F70A43F2}.AppStore|iPhone.ActiveCfg = Release|Any CPU
		{93637E2A-AAD3-421E-B927-C7E2F70A43F2}.AppStore|iPhone.Build.0 = Release|Any CPU
		{93637E2A-AAD3-421E-B927-C7E2F70A43F2}.AppStore|iPhone.Deploy.0 = Release|Any CPU
		{93637E2A-AAD3-421E-B927-C7E2F70A43F2}.AppStore|iPhoneSimulator.ActiveCfg = Release|Any CPU
		{93637E2A-AAD3-421E-B927-C7E2F70A43F2}.AppStore|iPhoneSimulator.Build.0 = Release|Any CPU
		{93637E2A-AAD3-421E-B927-C7E2F70A43F2}.AppStore|iPhoneSimulator.Deploy.0 = Release|Any CPU
		{93637E2A-AAD3-421E-B927-C7E2F70A43F2}.Debug|Any CPU.ActiveCfg = Debug|Any CPU
		{93637E2A-AAD3-421E-B927-C7E2F70A43F2}.Debug|Any CPU.Build.0 = Debug|Any CPU
		{93637E2A-AAD3-421E-B927-C7E2F70A43F2}.Debug|Any CPU.Deploy.0 = Debug|Any CPU
		{93637E2A-AAD3-421E-B927-C7E2F70A43F2}.Debug|iPhone.ActiveCfg = Debug|Any CPU
		{93637E2A-AAD3-421E-B927-C7E2F70A43F2}.Debug|iPhone.Build.0 = Debug|Any CPU
		{93637E2A-AAD3-421E-B927-C7E2F70A43F2}.Debug|iPhone.Deploy.0 = Debug|Any CPU
		{93637E2A-AAD3-421E-B927-C7E2F70A43F2}.Debug|iPhoneSimulator.ActiveCfg = Debug|Any CPU
		{93637E2A-AAD3-421E-B927-C7E2F70A43F2}.Debug|iPhoneSimulator.Build.0 = Debug|Any CPU
		{93637E2A-AAD3-421E-B927-C7E2F70A43F2}.Debug|iPhoneSimulator.Deploy.0 = Debug|Any CPU
		{93637E2A-AAD3-421E-B927-C7E2F70A43F2}.Release|Any CPU.ActiveCfg = Release|Any CPU
		{93637E2A-AAD3-421E-B927-C7E2F70A43F2}.Release|Any CPU.Build.0 = Release|Any CPU
		{93637E2A-AAD3-421E-B927-C7E2F70A43F2}.Release|Any CPU.Deploy.0 = Release|Any CPU
		{93637E2A-AAD3-421E-B927-C7E2F70A43F2}.Release|iPhone.ActiveCfg = Release|Any CPU
		{93637E2A-AAD3-421E-B927-C7E2F70A43F2}.Release|iPhone.Build.0 = Release|Any CPU
		{93637E2A-AAD3-421E-B927-C7E2F70A43F2}.Release|iPhone.Deploy.0 = Release|Any CPU
		{93637E2A-AAD3-421E-B927-C7E2F70A43F2}.Release|iPhoneSimulator.ActiveCfg = Release|Any CPU
		{93637E2A-AAD3-421E-B927-C7E2F70A43F2}.Release|iPhoneSimulator.Build.0 = Release|Any CPU
		{93637E2A-AAD3-421E-B927-C7E2F70A43F2}.Release|iPhoneSimulator.Deploy.0 = Release|Any CPU
		{72F9876D-5D27-4F7E-BA47-B6BF6445AA16}.Ad-Hoc|Any CPU.ActiveCfg = Release|Any CPU
		{72F9876D-5D27-4F7E-BA47-B6BF6445AA16}.Ad-Hoc|Any CPU.Build.0 = Release|Any CPU
		{72F9876D-5D27-4F7E-BA47-B6BF6445AA16}.Ad-Hoc|iPhone.ActiveCfg = Release|Any CPU
		{72F9876D-5D27-4F7E-BA47-B6BF6445AA16}.Ad-Hoc|iPhone.Build.0 = Release|Any CPU
		{72F9876D-5D27-4F7E-BA47-B6BF6445AA16}.Ad-Hoc|iPhoneSimulator.ActiveCfg = Release|Any CPU
		{72F9876D-5D27-4F7E-BA47-B6BF6445AA16}.Ad-Hoc|iPhoneSimulator.Build.0 = Release|Any CPU
		{72F9876D-5D27-4F7E-BA47-B6BF6445AA16}.AppStore|Any CPU.ActiveCfg = Release|Any CPU
		{72F9876D-5D27-4F7E-BA47-B6BF6445AA16}.AppStore|Any CPU.Build.0 = Release|Any CPU
		{72F9876D-5D27-4F7E-BA47-B6BF6445AA16}.AppStore|iPhone.ActiveCfg = Release|Any CPU
		{72F9876D-5D27-4F7E-BA47-B6BF6445AA16}.AppStore|iPhone.Build.0 = Release|Any CPU
		{72F9876D-5D27-4F7E-BA47-B6BF6445AA16}.AppStore|iPhoneSimulator.ActiveCfg = Release|Any CPU
		{72F9876D-5D27-4F7E-BA47-B6BF6445AA16}.AppStore|iPhoneSimulator.Build.0 = Release|Any CPU
		{72F9876D-5D27-4F7E-BA47-B6BF6445AA16}.Debug|Any CPU.ActiveCfg = Debug|Any CPU
		{72F9876D-5D27-4F7E-BA47-B6BF6445AA16}.Debug|Any CPU.Build.0 = Debug|Any CPU
		{72F9876D-5D27-4F7E-BA47-B6BF6445AA16}.Debug|iPhone.ActiveCfg = Debug|Any CPU
		{72F9876D-5D27-4F7E-BA47-B6BF6445AA16}.Debug|iPhone.Build.0 = Debug|Any CPU
		{72F9876D-5D27-4F7E-BA47-B6BF6445AA16}.Debug|iPhoneSimulator.ActiveCfg = Debug|Any CPU
		{72F9876D-5D27-4F7E-BA47-B6BF6445AA16}.Debug|iPhoneSimulator.Build.0 = Debug|Any CPU
		{72F9876D-5D27-4F7E-BA47-B6BF6445AA16}.Release|Any CPU.ActiveCfg = Release|Any CPU
		{72F9876D-5D27-4F7E-BA47-B6BF6445AA16}.Release|Any CPU.Build.0 = Release|Any CPU
		{72F9876D-5D27-4F7E-BA47-B6BF6445AA16}.Release|iPhone.ActiveCfg = Release|Any CPU
		{72F9876D-5D27-4F7E-BA47-B6BF6445AA16}.Release|iPhone.Build.0 = Release|Any CPU
		{72F9876D-5D27-4F7E-BA47-B6BF6445AA16}.Release|iPhoneSimulator.ActiveCfg = Release|Any CPU
		{72F9876D-5D27-4F7E-BA47-B6BF6445AA16}.Release|iPhoneSimulator.Build.0 = Release|Any CPU
		{E7DBE4B0-4A08-4BD9-BB25-3CA27BB4367B}.Ad-Hoc|Any CPU.ActiveCfg = Ad-Hoc|iPhone
		{E7DBE4B0-4A08-4BD9-BB25-3CA27BB4367B}.Ad-Hoc|iPhone.ActiveCfg = Ad-Hoc|iPhone
		{E7DBE4B0-4A08-4BD9-BB25-3CA27BB4367B}.Ad-Hoc|iPhone.Build.0 = Ad-Hoc|iPhone
		{E7DBE4B0-4A08-4BD9-BB25-3CA27BB4367B}.Ad-Hoc|iPhoneSimulator.ActiveCfg = Ad-Hoc|iPhoneSimulator
		{E7DBE4B0-4A08-4BD9-BB25-3CA27BB4367B}.Ad-Hoc|iPhoneSimulator.Build.0 = Ad-Hoc|iPhoneSimulator
		{E7DBE4B0-4A08-4BD9-BB25-3CA27BB4367B}.AppStore|Any CPU.ActiveCfg = AppStore|iPhone
		{E7DBE4B0-4A08-4BD9-BB25-3CA27BB4367B}.AppStore|iPhone.ActiveCfg = AppStore|iPhone
		{E7DBE4B0-4A08-4BD9-BB25-3CA27BB4367B}.AppStore|iPhone.Build.0 = AppStore|iPhone
		{E7DBE4B0-4A08-4BD9-BB25-3CA27BB4367B}.AppStore|iPhoneSimulator.ActiveCfg = AppStore|iPhoneSimulator
		{E7DBE4B0-4A08-4BD9-BB25-3CA27BB4367B}.AppStore|iPhoneSimulator.Build.0 = AppStore|iPhoneSimulator
		{E7DBE4B0-4A08-4BD9-BB25-3CA27BB4367B}.Debug|Any CPU.ActiveCfg = Debug|iPhone
		{E7DBE4B0-4A08-4BD9-BB25-3CA27BB4367B}.Debug|iPhone.ActiveCfg = Debug|iPhone
		{E7DBE4B0-4A08-4BD9-BB25-3CA27BB4367B}.Debug|iPhone.Build.0 = Debug|iPhone
		{E7DBE4B0-4A08-4BD9-BB25-3CA27BB4367B}.Debug|iPhoneSimulator.ActiveCfg = Debug|iPhoneSimulator
		{E7DBE4B0-4A08-4BD9-BB25-3CA27BB4367B}.Debug|iPhoneSimulator.Build.0 = Debug|iPhoneSimulator
		{E7DBE4B0-4A08-4BD9-BB25-3CA27BB4367B}.Release|Any CPU.ActiveCfg = Release|iPhone
		{E7DBE4B0-4A08-4BD9-BB25-3CA27BB4367B}.Release|iPhone.ActiveCfg = Release|iPhone
		{E7DBE4B0-4A08-4BD9-BB25-3CA27BB4367B}.Release|iPhone.Build.0 = Release|iPhone
		{E7DBE4B0-4A08-4BD9-BB25-3CA27BB4367B}.Release|iPhoneSimulator.ActiveCfg = Release|iPhoneSimulator
		{E7DBE4B0-4A08-4BD9-BB25-3CA27BB4367B}.Release|iPhoneSimulator.Build.0 = Release|iPhoneSimulator
	EndGlobalSection
	GlobalSection(SolutionProperties) = preSolution
		HideSolutionNode = FALSE
	EndGlobalSection
EndGlobal
